
Microsoft Visual Studio Solution File, Format Version 12.00
# Visual Studio Version 17
VisualStudioVersion = 17.3.32922.545
MinimumVisualStudioVersion = 10.0.40219.1
Project("{FAE04EC0-301F-11D3-BF4B-00C04F79EFBC}") = "Projeto_teste", "Projeto_teste\Projeto_teste.csproj", "{04A4C7D3-3635-48EB-8906-3C559894C06C}"
EndProject
Project("{FAE04EC0-301F-11D3-BF4B-00C04F79EFBC}") = "TesteMSteste", "TesteMSteste\TesteMSteste.csproj", "{425178CC-8121-4C62-87E6-EF07F4ADCC21}"
EndProject
Project("{FAE04EC0-301F-11D3-BF4B-00C04F79EFBC}") = "TestXUnit", "TestXUnit\TestXUnit.csproj", "{F520C6EA-6029-45FC-A832-963BB6966F90}"
EndProject
Global
	GlobalSection(SolutionConfigurationPlatforms) = preSolution
		Debug|Any CPU = Debug|Any CPU
		Release|Any CPU = Release|Any CPU
	EndGlobalSection
	GlobalSection(ProjectConfigurationPlatforms) = postSolution
		{04A4C7D3-3635-48EB-8906-3C559894C06C}.Debug|Any CPU.ActiveCfg = Debug|Any CPU
		{04A4C7D3-3635-48EB-8906-3C559894C06C}.Debug|Any CPU.Build.0 = Debug|Any CPU
		{04A4C7D3-3635-48EB-8906-3C559894C06C}.Release|Any CPU.ActiveCfg = Release|Any CPU
		{04A4C7D3-3635-48EB-8906-3C559894C06C}.Release|Any CPU.Build.0 = Release|Any CPU
		{425178CC-8121-4C62-87E6-EF07F4ADCC21}.Debug|Any CPU.ActiveCfg = Debug|Any CPU
		{425178CC-8121-4C62-87E6-EF07F4ADCC21}.Debug|Any CPU.Build.0 = Debug|Any CPU
		{425178CC-8121-4C62-87E6-EF07F4ADCC21}.Release|Any CPU.ActiveCfg = Release|Any CPU
		{425178CC-8121-4C62-87E6-EF07F4ADCC21}.Release|Any CPU.Build.0 = Release|Any CPU
		{F520C6EA-6029-45FC-A832-963BB6966F90}.Debug|Any CPU.ActiveCfg = Debug|Any CPU
		{F520C6EA-6029-45FC-A832-963BB6966F90}.Debug|Any CPU.Build.0 = Debug|Any CPU
		{F520C6EA-6029-45FC-A832-963BB6966F90}.Release|Any CPU.ActiveCfg = Release|Any CPU
		{F520C6EA-6029-45FC-A832-963BB6966F90}.Release|Any CPU.Build.0 = Release|Any CPU
	EndGlobalSection
	GlobalSection(SolutionProperties) = preSolution
		HideSolutionNode = FALSE
	EndGlobalSection
	GlobalSection(ExtensibilityGlobals) = postSolution
		SolutionGuid = {8154608D-473C-4B14-8023-F374E5606408}
	EndGlobalSection
EndGlobal
